
Microsoft Visual Studio Solution File, Format Version 12.00
# Visual Studio Version 16
VisualStudioVersion = 16.0.30406.217
MinimumVisualStudioVersion = 10.0.40219.1
Project("{FAE04EC0-301F-11D3-BF4B-00C04F79EFBC}") = "VehicleUnlock", "VehicleUnlock.csproj", "{D8CD21BD-AF37-4855-AF90-B2CC3CB861C4}"
EndProject
Global
	GlobalSection(SolutionConfigurationPlatforms) = preSolution
		Debug|Any CPU = Debug|Any CPU
		Release|Any CPU = Release|Any CPU
	EndGlobalSection
	GlobalSection(ProjectConfigurationPlatforms) = postSolution
		{D8CD21BD-AF37-4855-AF90-B2CC3CB861C4}.Debug|Any CPU.ActiveCfg = Debug|Any CPU
		{D8CD21BD-AF37-4855-AF90-B2CC3CB861C4}.Debug|Any CPU.Build.0 = Debug|Any CPU
		{D8CD21BD-AF37-4855-AF90-B2CC3CB861C4}.Release|Any CPU.ActiveCfg = Release|Any CPU
		{D8CD21BD-AF37-4855-AF90-B2CC3CB861C4}.Release|Any CPU.Build.0 = Release|Any CPU
	EndGlobalSection
	GlobalSection(SolutionProperties) = preSolution
		HideSolutionNode = FALSE
	EndGlobalSection
	GlobalSection(ExtensibilityGlobals) = postSolution
		SolutionGuid = {D8719B0C-7C8D-4302-A062-9631BAF91258}
	EndGlobalSection
EndGlobal
